// !$*UTF8*$!
{
	archiveVersion = 1;
	classes = {
	};
	objectVersion = 50;
	objects = {

/* Begin PBXBuildFile section */
		C5025C142253C07E008A579F /* Problem2Test.swift in Sources */ = {isa = PBXBuildFile; fileRef = C5025C132253C07E008A579F /* Problem2Test.swift */; };
		C5025C192253C216008A579F /* Problem2.swift in Sources */ = {isa = PBXBuildFile; fileRef = C55FE09C2253AD0700F28686 /* Problem2.swift */; };
		C5025C1B2253C54A008A579F /* Problem3.swift in Sources */ = {isa = PBXBuildFile; fileRef = C5025C1A2253C54A008A579F /* Problem3.swift */; };
		C5025C252253CCAD008A579F /* Problem3Test.swift in Sources */ = {isa = PBXBuildFile; fileRef = C5025C242253CCAD008A579F /* Problem3Test.swift */; };
		C5025C2A2253CD64008A579F /* Problem3.swift in Sources */ = {isa = PBXBuildFile; fileRef = C5025C1A2253C54A008A579F /* Problem3.swift */; };
		C5025C2C2253DC0B008A579F /* String+Extension.swift in Sources */ = {isa = PBXBuildFile; fileRef = C5025C2B2253DC0B008A579F /* String+Extension.swift */; };
		C5025C2D2253ECF1008A579F /* String+Extension.swift in Sources */ = {isa = PBXBuildFile; fileRef = C5025C2B2253DC0B008A579F /* String+Extension.swift */; };
		C5025C332253FC7D008A579F /* Problem4.swift in Sources */ = {isa = PBXBuildFile; fileRef = C5025C322253FC7D008A579F /* Problem4.swift */; };
		C5025C3B225405A0008A579F /* Problem4Test.swift in Sources */ = {isa = PBXBuildFile; fileRef = C5025C3A225405A0008A579F /* Problem4Test.swift */; };
		C5025C40225405AA008A579F /* Problem4.swift in Sources */ = {isa = PBXBuildFile; fileRef = C5025C322253FC7D008A579F /* Problem4.swift */; };
		C5025C4522542538008A579F /* Problem5.swift in Sources */ = {isa = PBXBuildFile; fileRef = C5025C4122541EFE008A579F /* Problem5.swift */; };
		C5025C4722542B89008A579F /* Problem6.swift in Sources */ = {isa = PBXBuildFile; fileRef = C5025C4622542B89008A579F /* Problem6.swift */; };
		C53E91FE225932D7004D4040 /* Common.swift in Sources */ = {isa = PBXBuildFile; fileRef = C55FBBAA2258260900D1E0F8 /* Common.swift */; };
		C53E91FF225932DD004D4040 /* Common.swift in Sources */ = {isa = PBXBuildFile; fileRef = C55FBBAA2258260900D1E0F8 /* Common.swift */; };
		C53E9200225932E3004D4040 /* Common.swift in Sources */ = {isa = PBXBuildFile; fileRef = C55FBBAA2258260900D1E0F8 /* Common.swift */; };
		C53E920822593345004D4040 /* Problem7Test.swift in Sources */ = {isa = PBXBuildFile; fileRef = C53E920722593345004D4040 /* Problem7Test.swift */; };
		C53E920D22593372004D4040 /* Problem7.swift in Sources */ = {isa = PBXBuildFile; fileRef = C55FBBA62258205A00D1E0F8 /* Problem7.swift */; };
		C53E920E225933AF004D4040 /* String+Extension.swift in Sources */ = {isa = PBXBuildFile; fileRef = C5025C2B2253DC0B008A579F /* String+Extension.swift */; };
		C5576AF22253A8A600D58719 /* main.swift in Sources */ = {isa = PBXBuildFile; fileRef = C5576AF12253A8A600D58719 /* main.swift */; };
		C55FBBA72258205A00D1E0F8 /* Problem7.swift in Sources */ = {isa = PBXBuildFile; fileRef = C55FBBA62258205A00D1E0F8 /* Problem7.swift */; };
		C55FBBAB2258260900D1E0F8 /* Common.swift in Sources */ = {isa = PBXBuildFile; fileRef = C55FBBAA2258260900D1E0F8 /* Common.swift */; };
		C55FE09D2253AD0700F28686 /* Problem2.swift in Sources */ = {isa = PBXBuildFile; fileRef = C55FE09C2253AD0700F28686 /* Problem2.swift */; };
/* End PBXBuildFile section */

/* Begin PBXCopyFilesBuildPhase section */
		C5576AEC2253A8A600D58719 /* CopyFiles */ = {
			isa = PBXCopyFilesBuildPhase;
			buildActionMask = 2147483647;
			dstPath = /usr/share/man/man1/;
			dstSubfolderSpec = 0;
			files = (
			);
			runOnlyForDeploymentPostprocessing = 1;
		};
/* End PBXCopyFilesBuildPhase section */

/* Begin PBXFileReference section */
		C5025C112253C07E008A579F /* Problem2Test.xctest */ = {isa = PBXFileReference; explicitFileType = wrapper.cfbundle; includeInIndex = 0; path = Problem2Test.xctest; sourceTree = BUILT_PRODUCTS_DIR; };
		C5025C132253C07E008A579F /* Problem2Test.swift */ = {isa = PBXFileReference; lastKnownFileType = sourcecode.swift; path = Problem2Test.swift; sourceTree = "<group>"; };
		C5025C152253C07E008A579F /* Info.plist */ = {isa = PBXFileReference; lastKnownFileType = text.plist.xml; path = Info.plist; sourceTree = "<group>"; };
		C5025C1A2253C54A008A579F /* Problem3.swift */ = {isa = PBXFileReference; lastKnownFileType = sourcecode.swift; path = Problem3.swift; sourceTree = "<group>"; };
		C5025C1C2253C558008A579F /* README.md */ = {isa = PBXFileReference; lastKnownFileType = net.daringfireball.markdown; path = README.md; sourceTree = "<group>"; };
		C5025C222253CCAD008A579F /* Problem3Test.xctest */ = {isa = PBXFileReference; explicitFileType = wrapper.cfbundle; includeInIndex = 0; path = Problem3Test.xctest; sourceTree = BUILT_PRODUCTS_DIR; };
		C5025C242253CCAD008A579F /* Problem3Test.swift */ = {isa = PBXFileReference; lastKnownFileType = sourcecode.swift; path = Problem3Test.swift; sourceTree = "<group>"; };
		C5025C262253CCAD008A579F /* Info.plist */ = {isa = PBXFileReference; lastKnownFileType = text.plist.xml; path = Info.plist; sourceTree = "<group>"; };
		C5025C2B2253DC0B008A579F /* String+Extension.swift */ = {isa = PBXFileReference; lastKnownFileType = sourcecode.swift; path = "String+Extension.swift"; sourceTree = "<group>"; };
		C5025C312253FC5B008A579F /* README.md */ = {isa = PBXFileReference; lastKnownFileType = net.daringfireball.markdown; path = README.md; sourceTree = "<group>"; };
		C5025C322253FC7D008A579F /* Problem4.swift */ = {isa = PBXFileReference; fileEncoding = 4; lastKnownFileType = sourcecode.swift; path = Problem4.swift; sourceTree = "<group>"; };
		C5025C38225405A0008A579F /* Problem4Test.xctest */ = {isa = PBXFileReference; explicitFileType = wrapper.cfbundle; includeInIndex = 0; path = Problem4Test.xctest; sourceTree = BUILT_PRODUCTS_DIR; };
		C5025C3A225405A0008A579F /* Problem4Test.swift */ = {isa = PBXFileReference; lastKnownFileType = sourcecode.swift; path = Problem4Test.swift; sourceTree = "<group>"; };
		C5025C3C225405A0008A579F /* Info.plist */ = {isa = PBXFileReference; lastKnownFileType = text.plist.xml; path = Info.plist; sourceTree = "<group>"; };
		C5025C4122541EFE008A579F /* Problem5.swift */ = {isa = PBXFileReference; lastKnownFileType = sourcecode.swift; path = Problem5.swift; sourceTree = "<group>"; };
		C5025C4422541F1F008A579F /* README.md */ = {isa = PBXFileReference; lastKnownFileType = net.daringfireball.markdown; path = README.md; sourceTree = "<group>"; };
		C5025C4622542B89008A579F /* Problem6.swift */ = {isa = PBXFileReference; lastKnownFileType = sourcecode.swift; path = Problem6.swift; sourceTree = "<group>"; };
		C5025C4922542B9F008A579F /* README.md */ = {isa = PBXFileReference; lastKnownFileType = net.daringfireball.markdown; path = README.md; sourceTree = "<group>"; };
		C53E91F822593215004D4040 /* Problem7Test.swift */ = {isa = PBXFileReference; lastKnownFileType = sourcecode.swift; path = Problem7Test.swift; sourceTree = "<group>"; };
		C53E91FA22593215004D4040 /* Info.plist */ = {isa = PBXFileReference; lastKnownFileType = text.plist.xml; path = Info.plist; sourceTree = "<group>"; };
		C53E920522593345004D4040 /* Problem7Test.xctest */ = {isa = PBXFileReference; explicitFileType = wrapper.cfbundle; includeInIndex = 0; path = Problem7Test.xctest; sourceTree = BUILT_PRODUCTS_DIR; };
		C53E920722593345004D4040 /* Problem7Test.swift */ = {isa = PBXFileReference; lastKnownFileType = sourcecode.swift; path = Problem7Test.swift; sourceTree = "<group>"; };
		C53E920922593345004D4040 /* Info.plist */ = {isa = PBXFileReference; lastKnownFileType = text.plist.xml; path = Info.plist; sourceTree = "<group>"; };
		C5576AEE2253A8A600D58719 /* DailyCodingProblem */ = {isa = PBXFileReference; explicitFileType = "compiled.mach-o.executable"; includeInIndex = 0; path = DailyCodingProblem; sourceTree = BUILT_PRODUCTS_DIR; };
		C5576AF12253A8A600D58719 /* main.swift */ = {isa = PBXFileReference; lastKnownFileType = sourcecode.swift; path = main.swift; sourceTree = "<group>"; };
		C5576AFB2253A93D00D58719 /* README.md */ = {isa = PBXFileReference; lastKnownFileType = net.daringfireball.markdown; path = README.md; sourceTree = "<group>"; };
		C55FBBA62258205A00D1E0F8 /* Problem7.swift */ = {isa = PBXFileReference; lastKnownFileType = sourcecode.swift; path = Problem7.swift; sourceTree = "<group>"; };
		C55FBBA92258208100D1E0F8 /* README.md */ = {isa = PBXFileReference; lastKnownFileType = net.daringfireball.markdown; path = README.md; sourceTree = "<group>"; };
		C55FBBAA2258260900D1E0F8 /* Common.swift */ = {isa = PBXFileReference; lastKnownFileType = sourcecode.swift; path = Common.swift; sourceTree = "<group>"; };
		C55FE09C2253AD0700F28686 /* Problem2.swift */ = {isa = PBXFileReference; lastKnownFileType = sourcecode.swift; path = Problem2.swift; sourceTree = "<group>"; };
/* End PBXFileReference section */

/* Begin PBXFrameworksBuildPhase section */
		C5025C0E2253C07E008A579F /* Frameworks */ = {
			isa = PBXFrameworksBuildPhase;
			buildActionMask = 2147483647;
			files = (
			);
			runOnlyForDeploymentPostprocessing = 0;
		};
		C5025C1F2253CCAD008A579F /* Frameworks */ = {
			isa = PBXFrameworksBuildPhase;
			buildActionMask = 2147483647;
			files = (
			);
			runOnlyForDeploymentPostprocessing = 0;
		};
		C5025C35225405A0008A579F /* Frameworks */ = {
			isa = PBXFrameworksBuildPhase;
			buildActionMask = 2147483647;
			files = (
			);
			runOnlyForDeploymentPostprocessing = 0;
		};
		C53E920222593345004D4040 /* Frameworks */ = {
			isa = PBXFrameworksBuildPhase;
			buildActionMask = 2147483647;
			files = (
			);
			runOnlyForDeploymentPostprocessing = 0;
		};
		C5576AEB2253A8A600D58719 /* Frameworks */ = {
			isa = PBXFrameworksBuildPhase;
			buildActionMask = 2147483647;
			files = (
			);
			runOnlyForDeploymentPostprocessing = 0;
		};
/* End PBXFrameworksBuildPhase section */

/* Begin PBXGroup section */
		C5025C122253C07E008A579F /* Problem2Test */ = {
			isa = PBXGroup;
			children = (
				C5025C132253C07E008A579F /* Problem2Test.swift */,
				C5025C152253C07E008A579F /* Info.plist */,
			);
			path = Problem2Test;
			sourceTree = "<group>";
		};
		C5025C1D2253C56E008A579F /* Problem 3 */ = {
			isa = PBXGroup;
			children = (
				C5025C1C2253C558008A579F /* README.md */,
				C5025C1A2253C54A008A579F /* Problem3.swift */,
			);
			path = "Problem 3";
			sourceTree = "<group>";
		};
		C5025C232253CCAD008A579F /* Problem3Test */ = {
			isa = PBXGroup;
			children = (
				C5025C242253CCAD008A579F /* Problem3Test.swift */,
				C5025C262253CCAD008A579F /* Info.plist */,
			);
			path = Problem3Test;
			sourceTree = "<group>";
		};
		C5025C302253FC49008A579F /* Problem 4 */ = {
			isa = PBXGroup;
			children = (
				C5025C312253FC5B008A579F /* README.md */,
				C5025C322253FC7D008A579F /* Problem4.swift */,
			);
			path = "Problem 4";
			sourceTree = "<group>";
		};
		C5025C39225405A0008A579F /* Problem4Test */ = {
			isa = PBXGroup;
			children = (
				C5025C3A225405A0008A579F /* Problem4Test.swift */,
				C5025C3C225405A0008A579F /* Info.plist */,
			);
			path = Problem4Test;
			sourceTree = "<group>";
		};
		C5025C4322541F06008A579F /* Problem 5 */ = {
			isa = PBXGroup;
			children = (
				C5025C4422541F1F008A579F /* README.md */,
				C5025C4122541EFE008A579F /* Problem5.swift */,
			);
			path = "Problem 5";
			sourceTree = "<group>";
		};
		C5025C4822542B8E008A579F /* Problem 6 */ = {
			isa = PBXGroup;
			children = (
				C5025C4922542B9F008A579F /* README.md */,
				C5025C4622542B89008A579F /* Problem6.swift */,
			);
			path = "Problem 6";
			sourceTree = "<group>";
		};
		C53E91F722593215004D4040 /* Problem7Test */ = {
			isa = PBXGroup;
			children = (
				C53E91F822593215004D4040 /* Problem7Test.swift */,
				C53E91FA22593215004D4040 /* Info.plist */,
			);
			path = Problem7Test;
			sourceTree = "<group>";
		};
		C53E920622593345004D4040 /* Problem7Test */ = {
			isa = PBXGroup;
			children = (
				C53E920722593345004D4040 /* Problem7Test.swift */,
				C53E920922593345004D4040 /* Info.plist */,
			);
			path = Problem7Test;
			sourceTree = "<group>";
		};
		C5576AE52253A8A600D58719 = {
			isa = PBXGroup;
			children = (
				C5576AF02253A8A600D58719 /* DailyCodingProblem */,
				C5025C122253C07E008A579F /* Problem2Test */,
				C5025C232253CCAD008A579F /* Problem3Test */,
				C5025C39225405A0008A579F /* Problem4Test */,
				C53E91F722593215004D4040 /* Problem7Test */,
				C53E920622593345004D4040 /* Problem7Test */,
				C5576AEF2253A8A600D58719 /* Products */,
			);
			sourceTree = "<group>";
		};
		C5576AEF2253A8A600D58719 /* Products */ = {
			isa = PBXGroup;
			children = (
				C5576AEE2253A8A600D58719 /* DailyCodingProblem */,
				C5025C112253C07E008A579F /* Problem2Test.xctest */,
				C5025C222253CCAD008A579F /* Problem3Test.xctest */,
				C5025C38225405A0008A579F /* Problem4Test.xctest */,
				C53E920522593345004D4040 /* Problem7Test.xctest */,
			);
			name = Products;
			sourceTree = "<group>";
		};
		C5576AF02253A8A600D58719 /* DailyCodingProblem */ = {
			isa = PBXGroup;
			children = (
				C5576AF12253A8A600D58719 /* main.swift */,
				C55FBBAA2258260900D1E0F8 /* Common.swift */,
				C5025C2B2253DC0B008A579F /* String+Extension.swift */,
				C5576AFC2253A95900D58719 /* Problem 2 */,
				C5025C1D2253C56E008A579F /* Problem 3 */,
				C5025C302253FC49008A579F /* Problem 4 */,
				C5025C4322541F06008A579F /* Problem 5 */,
				C5025C4822542B8E008A579F /* Problem 6 */,
				C55FBBA82258205D00D1E0F8 /* Problem 7 */,
			);
			path = DailyCodingProblem;
			sourceTree = "<group>";
		};
		C5576AFC2253A95900D58719 /* Problem 2 */ = {
			isa = PBXGroup;
			children = (
				C5576AFB2253A93D00D58719 /* README.md */,
				C55FE09C2253AD0700F28686 /* Problem2.swift */,
			);
			path = "Problem 2";
			sourceTree = "<group>";
		};
		C55FBBA82258205D00D1E0F8 /* Problem 7 */ = {
			isa = PBXGroup;
			children = (
				C55FBBA92258208100D1E0F8 /* README.md */,
				C55FBBA62258205A00D1E0F8 /* Problem7.swift */,
			);
			path = "Problem 7";
			sourceTree = "<group>";
		};
/* End PBXGroup section */

/* Begin PBXNativeTarget section */
		C5025C102253C07E008A579F /* Problem2Test */ = {
			isa = PBXNativeTarget;
			buildConfigurationList = C5025C162253C07E008A579F /* Build configuration list for PBXNativeTarget "Problem2Test" */;
			buildPhases = (
				C5025C0D2253C07E008A579F /* Sources */,
				C5025C0E2253C07E008A579F /* Frameworks */,
				C5025C0F2253C07E008A579F /* Resources */,
			);
			buildRules = (
			);
			dependencies = (
			);
			name = Problem2Test;
			productName = Problem2Test;
			productReference = C5025C112253C07E008A579F /* Problem2Test.xctest */;
			productType = "com.apple.product-type.bundle.unit-test";
		};
		C5025C212253CCAD008A579F /* Problem3Test */ = {
			isa = PBXNativeTarget;
			buildConfigurationList = C5025C272253CCAD008A579F /* Build configuration list for PBXNativeTarget "Problem3Test" */;
			buildPhases = (
				C5025C1E2253CCAD008A579F /* Sources */,
				C5025C1F2253CCAD008A579F /* Frameworks */,
				C5025C202253CCAD008A579F /* Resources */,
			);
			buildRules = (
			);
			dependencies = (
			);
			name = Problem3Test;
			productName = Problem3Test;
			productReference = C5025C222253CCAD008A579F /* Problem3Test.xctest */;
			productType = "com.apple.product-type.bundle.unit-test";
		};
		C5025C37225405A0008A579F /* Problem4Test */ = {
			isa = PBXNativeTarget;
			buildConfigurationList = C5025C3D225405A0008A579F /* Build configuration list for PBXNativeTarget "Problem4Test" */;
			buildPhases = (
				C5025C34225405A0008A579F /* Sources */,
				C5025C35225405A0008A579F /* Frameworks */,
				C5025C36225405A0008A579F /* Resources */,
			);
			buildRules = (
			);
			dependencies = (
			);
			name = Problem4Test;
			productName = Problem4Test;
			productReference = C5025C38225405A0008A579F /* Problem4Test.xctest */;
			productType = "com.apple.product-type.bundle.unit-test";
		};
		C53E920422593345004D4040 /* Problem7Test */ = {
			isa = PBXNativeTarget;
			buildConfigurationList = C53E920A22593345004D4040 /* Build configuration list for PBXNativeTarget "Problem7Test" */;
			buildPhases = (
				C53E920122593345004D4040 /* Sources */,
				C53E920222593345004D4040 /* Frameworks */,
				C53E920322593345004D4040 /* Resources */,
			);
			buildRules = (
			);
			dependencies = (
			);
			name = Problem7Test;
			productName = Problem7Test;
			productReference = C53E920522593345004D4040 /* Problem7Test.xctest */;
			productType = "com.apple.product-type.bundle.unit-test";
		};
		C5576AED2253A8A600D58719 /* DailyCodingProblem */ = {
			isa = PBXNativeTarget;
			buildConfigurationList = C5576AF52253A8A600D58719 /* Build configuration list for PBXNativeTarget "DailyCodingProblem" */;
			buildPhases = (
				C5576AEA2253A8A600D58719 /* Sources */,
				C5576AEB2253A8A600D58719 /* Frameworks */,
				C5576AEC2253A8A600D58719 /* CopyFiles */,
			);
			buildRules = (
			);
			dependencies = (
			);
			name = DailyCodingProblem;
			productName = DailyCodingProblem;
			productReference = C5576AEE2253A8A600D58719 /* DailyCodingProblem */;
			productType = "com.apple.product-type.tool";
		};
/* End PBXNativeTarget section */

/* Begin PBXProject section */
		C5576AE62253A8A600D58719 /* Project object */ = {
			isa = PBXProject;
			attributes = {
				LastSwiftUpdateCheck = 1010;
				LastUpgradeCheck = 1010;
				ORGANIZATIONNAME = Humileants;
				TargetAttributes = {
					C5025C102253C07E008A579F = {
						CreatedOnToolsVersion = 10.1;
					};
					C5025C212253CCAD008A579F = {
						CreatedOnToolsVersion = 10.1;
					};
					C5025C37225405A0008A579F = {
						CreatedOnToolsVersion = 10.1;
					};
					C53E920422593345004D4040 = {
						CreatedOnToolsVersion = 10.1;
					};
					C5576AED2253A8A600D58719 = {
						CreatedOnToolsVersion = 10.1;
					};
				};
			};
			buildConfigurationList = C5576AE92253A8A600D58719 /* Build configuration list for PBXProject "DailyCodingProblem" */;
			compatibilityVersion = "Xcode 9.3";
			developmentRegion = en;
			hasScannedForEncodings = 0;
			knownRegions = (
				en,
			);
			mainGroup = C5576AE52253A8A600D58719;
			productRefGroup = C5576AEF2253A8A600D58719 /* Products */;
			projectDirPath = "";
			projectRoot = "";
			targets = (
				C5576AED2253A8A600D58719 /* DailyCodingProblem */,
				C5025C102253C07E008A579F /* Problem2Test */,
				C5025C212253CCAD008A579F /* Problem3Test */,
				C5025C37225405A0008A579F /* Problem4Test */,
				C53E920422593345004D4040 /* Problem7Test */,
			);
		};
/* End PBXProject section */

/* Begin PBXResourcesBuildPhase section */
		C5025C0F2253C07E008A579F /* Resources */ = {
			isa = PBXResourcesBuildPhase;
			buildActionMask = 2147483647;
			files = (
			);
			runOnlyForDeploymentPostprocessing = 0;
		};
		C5025C202253CCAD008A579F /* Resources */ = {
			isa = PBXResourcesBuildPhase;
			buildActionMask = 2147483647;
			files = (
			);
			runOnlyForDeploymentPostprocessing = 0;
		};
		C5025C36225405A0008A579F /* Resources */ = {
			isa = PBXResourcesBuildPhase;
			buildActionMask = 2147483647;
			files = (
			);
			runOnlyForDeploymentPostprocessing = 0;
		};
		C53E920322593345004D4040 /* Resources */ = {
			isa = PBXResourcesBuildPhase;
			buildActionMask = 2147483647;
			files = (
			);
			runOnlyForDeploymentPostprocessing = 0;
		};
/* End PBXResourcesBuildPhase section */

/* Begin PBXSourcesBuildPhase section */
		C5025C0D2253C07E008A579F /* Sources */ = {
			isa = PBXSourcesBuildPhase;
			buildActionMask = 2147483647;
			files = (
				C53E91FE225932D7004D4040 /* Common.swift in Sources */,
				C5025C192253C216008A579F /* Problem2.swift in Sources */,
				C5025C142253C07E008A579F /* Problem2Test.swift in Sources */,
			);
			runOnlyForDeploymentPostprocessing = 0;
		};
		C5025C1E2253CCAD008A579F /* Sources */ = {
			isa = PBXSourcesBuildPhase;
			buildActionMask = 2147483647;
			files = (
				C53E91FF225932DD004D4040 /* Common.swift in Sources */,
				C5025C2D2253ECF1008A579F /* String+Extension.swift in Sources */,
				C5025C2A2253CD64008A579F /* Problem3.swift in Sources */,
				C5025C252253CCAD008A579F /* Problem3Test.swift in Sources */,
			);
			runOnlyForDeploymentPostprocessing = 0;
		};
		C5025C34225405A0008A579F /* Sources */ = {
			isa = PBXSourcesBuildPhase;
			buildActionMask = 2147483647;
			files = (
				C53E9200225932E3004D4040 /* Common.swift in Sources */,
				C5025C40225405AA008A579F /* Problem4.swift in Sources */,
				C5025C3B225405A0008A579F /* Problem4Test.swift in Sources */,
			);
			runOnlyForDeploymentPostprocessing = 0;
		};
		C53E920122593345004D4040 /* Sources */ = {
			isa = PBXSourcesBuildPhase;
			buildActionMask = 2147483647;
			files = (
				C53E920E225933AF004D4040 /* String+Extension.swift in Sources */,
				C53E920D22593372004D4040 /* Problem7.swift in Sources */,
				C53E920822593345004D4040 /* Problem7Test.swift in Sources */,
			);
			runOnlyForDeploymentPostprocessing = 0;
		};
		C5576AEA2253A8A600D58719 /* Sources */ = {
			isa = PBXSourcesBuildPhase;
			buildActionMask = 2147483647;
			files = (
				C5025C4522542538008A579F /* Problem5.swift in Sources */,
				C55FBBA72258205A00D1E0F8 /* Problem7.swift in Sources */,
				C5025C2C2253DC0B008A579F /* String+Extension.swift in Sources */,
				C5025C332253FC7D008A579F /* Problem4.swift in Sources */,
				C55FBBAB2258260900D1E0F8 /* Common.swift in Sources */,
				C5025C4722542B89008A579F /* Problem6.swift in Sources */,
				C5025C1B2253C54A008A579F /* Problem3.swift in Sources */,
				C55FE09D2253AD0700F28686 /* Problem2.swift in Sources */,
				C5576AF22253A8A600D58719 /* main.swift in Sources */,
			);
			runOnlyForDeploymentPostprocessing = 0;
		};
/* End PBXSourcesBuildPhase section */

/* Begin XCBuildConfiguration section */
		C5025C172253C07E008A579F /* Debug */ = {
			isa = XCBuildConfiguration;
			buildSettings = {
				CODE_SIGN_STYLE = Automatic;
				COMBINE_HIDPI_IMAGES = YES;
				DEVELOPMENT_TEAM = 3AS2PM2F4J;
				INFOPLIST_FILE = Problem2Test/Info.plist;
				LD_RUNPATH_SEARCH_PATHS = (
					"$(inherited)",
					"@executable_path/../Frameworks",
					"@loader_path/../Frameworks",
				);
				PRODUCT_BUNDLE_IDENTIFIER = com.humileants.Problem2Test;
				PRODUCT_NAME = "$(TARGET_NAME)";
				SWIFT_VERSION = 4.2;
			};
			name = Debug;
		};
		C5025C182253C07E008A579F /* Release */ = {
			isa = XCBuildConfiguration;
			buildSettings = {
				CODE_SIGN_STYLE = Automatic;
				COMBINE_HIDPI_IMAGES = YES;
				DEVELOPMENT_TEAM = 3AS2PM2F4J;
				INFOPLIST_FILE = Problem2Test/Info.plist;
				LD_RUNPATH_SEARCH_PATHS = (
					"$(inherited)",
					"@executable_path/../Frameworks",
					"@loader_path/../Frameworks",
				);
				PRODUCT_BUNDLE_IDENTIFIER = com.humileants.Problem2Test;
				PRODUCT_NAME = "$(TARGET_NAME)";
				SWIFT_VERSION = 4.2;
			};
			name = Release;
		};
		C5025C282253CCAD008A579F /* Debug */ = {
			isa = XCBuildConfiguration;
			buildSettings = {
				CODE_SIGN_STYLE = Automatic;
				COMBINE_HIDPI_IMAGES = YES;
				DEVELOPMENT_TEAM = 3AS2PM2F4J;
				INFOPLIST_FILE = Problem3Test/Info.plist;
				LD_RUNPATH_SEARCH_PATHS = (
					"$(inherited)",
					"@executable_path/../Frameworks",
					"@loader_path/../Frameworks",
				);
				PRODUCT_BUNDLE_IDENTIFIER = com.humileants.Problem3Test;
				PRODUCT_NAME = "$(TARGET_NAME)";
				SWIFT_VERSION = 4.2;
			};
			name = Debug;
		};
		C5025C292253CCAD008A579F /* Release */ = {
			isa = XCBuildConfiguration;
			buildSettings = {
				CODE_SIGN_STYLE = Automatic;
				COMBINE_HIDPI_IMAGES = YES;
				DEVELOPMENT_TEAM = 3AS2PM2F4J;
				INFOPLIST_FILE = Problem3Test/Info.plist;
				LD_RUNPATH_SEARCH_PATHS = (
					"$(inherited)",
					"@executable_path/../Frameworks",
					"@loader_path/../Frameworks",
				);
				PRODUCT_BUNDLE_IDENTIFIER = com.humileants.Problem3Test;
				PRODUCT_NAME = "$(TARGET_NAME)";
				SWIFT_VERSION = 4.2;
			};
			name = Release;
		};
		C5025C3E225405A0008A579F /* Debug */ = {
			isa = XCBuildConfiguration;
			buildSettings = {
				CODE_SIGN_STYLE = Automatic;
				COMBINE_HIDPI_IMAGES = YES;
				DEVELOPMENT_TEAM = 3AS2PM2F4J;
				INFOPLIST_FILE = Problem4Test/Info.plist;
				LD_RUNPATH_SEARCH_PATHS = (
					"$(inherited)",
					"@executable_path/../Frameworks",
					"@loader_path/../Frameworks",
				);
				PRODUCT_BUNDLE_IDENTIFIER = com.humileants.Problem4Test;
				PRODUCT_NAME = "$(TARGET_NAME)";
				SWIFT_VERSION = 4.2;
			};
			name = Debug;
		};
		C5025C3F225405A0008A579F /* Release */ = {
			isa = XCBuildConfiguration;
			buildSettings = {
				CODE_SIGN_STYLE = Automatic;
				COMBINE_HIDPI_IMAGES = YES;
				DEVELOPMENT_TEAM = 3AS2PM2F4J;
				INFOPLIST_FILE = Problem4Test/Info.plist;
				LD_RUNPATH_SEARCH_PATHS = (
					"$(inherited)",
					"@executable_path/../Frameworks",
					"@loader_path/../Frameworks",
				);
				PRODUCT_BUNDLE_IDENTIFIER = com.humileants.Problem4Test;
				PRODUCT_NAME = "$(TARGET_NAME)";
				SWIFT_VERSION = 4.2;
			};
			name = Release;
		};
		C53E920B22593345004D4040 /* Debug */ = {
			isa = XCBuildConfiguration;
			buildSettings = {
				CODE_SIGN_STYLE = Automatic;
				COMBINE_HIDPI_IMAGES = YES;
				DEVELOPMENT_TEAM = 3AS2PM2F4J;
				INFOPLIST_FILE = Problem7Test/Info.plist;
				LD_RUNPATH_SEARCH_PATHS = (
					"$(inherited)",
					"@executable_path/../Frameworks",
					"@loader_path/../Frameworks",
				);
				PRODUCT_BUNDLE_IDENTIFIER = com.humileants.Problem7Test;
				PRODUCT_NAME = "$(TARGET_NAME)";
				SWIFT_VERSION = 4.2;
			};
			name = Debug;
		};
		C53E920C22593345004D4040 /* Release */ = {
			isa = XCBuildConfiguration;
			buildSettings = {
				CODE_SIGN_STYLE = Automatic;
				COMBINE_HIDPI_IMAGES = YES;
				DEVELOPMENT_TEAM = 3AS2PM2F4J;
				INFOPLIST_FILE = Problem7Test/Info.plist;
				LD_RUNPATH_SEARCH_PATHS = (
					"$(inherited)",
					"@executable_path/../Frameworks",
					"@loader_path/../Frameworks",
				);
				PRODUCT_BUNDLE_IDENTIFIER = com.humileants.Problem7Test;
				PRODUCT_NAME = "$(TARGET_NAME)";
				SWIFT_VERSION = 4.2;
			};
			name = Release;
		};
		C5576AF32253A8A600D58719 /* Debug */ = {
			isa = XCBuildConfiguration;
			buildSettings = {
				ALWAYS_SEARCH_USER_PATHS = NO;
				CLANG_ANALYZER_NONNULL = YES;
				CLANG_ANALYZER_NUMBER_OBJECT_CONVERSION = YES_AGGRESSIVE;
				CLANG_CXX_LANGUAGE_STANDARD = "gnu++14";
				CLANG_CXX_LIBRARY = "libc++";
				CLANG_ENABLE_MODULES = YES;
				CLANG_ENABLE_OBJC_ARC = YES;
				CLANG_ENABLE_OBJC_WEAK = YES;
				CLANG_WARN_BLOCK_CAPTURE_AUTORELEASING = YES;
				CLANG_WARN_BOOL_CONVERSION = YES;
				CLANG_WARN_COMMA = YES;
				CLANG_WARN_CONSTANT_CONVERSION = YES;
				CLANG_WARN_DEPRECATED_OBJC_IMPLEMENTATIONS = YES;
				CLANG_WARN_DIRECT_OBJC_ISA_USAGE = YES_ERROR;
				CLANG_WARN_DOCUMENTATION_COMMENTS = YES;
				CLANG_WARN_EMPTY_BODY = YES;
				CLANG_WARN_ENUM_CONVERSION = YES;
				CLANG_WARN_INFINITE_RECURSION = YES;
				CLANG_WARN_INT_CONVERSION = YES;
				CLANG_WARN_NON_LITERAL_NULL_CONVERSION = YES;
				CLANG_WARN_OBJC_IMPLICIT_RETAIN_SELF = YES;
				CLANG_WARN_OBJC_LITERAL_CONVERSION = YES;
				CLANG_WARN_OBJC_ROOT_CLASS = YES_ERROR;
				CLANG_WARN_RANGE_LOOP_ANALYSIS = YES;
				CLANG_WARN_STRICT_PROTOTYPES = YES;
				CLANG_WARN_SUSPICIOUS_MOVE = YES;
				CLANG_WARN_UNGUARDED_AVAILABILITY = YES_AGGRESSIVE;
				CLANG_WARN_UNREACHABLE_CODE = YES;
				CLANG_WARN__DUPLICATE_METHOD_MATCH = YES;
				CODE_SIGN_IDENTITY = "Mac Developer";
				COPY_PHASE_STRIP = NO;
				DEBUG_INFORMATION_FORMAT = dwarf;
				ENABLE_STRICT_OBJC_MSGSEND = YES;
				ENABLE_TESTABILITY = YES;
				GCC_C_LANGUAGE_STANDARD = gnu11;
				GCC_DYNAMIC_NO_PIC = NO;
				GCC_NO_COMMON_BLOCKS = YES;
				GCC_OPTIMIZATION_LEVEL = 0;
				GCC_PREPROCESSOR_DEFINITIONS = (
					"DEBUG=1",
					"$(inherited)",
				);
				GCC_WARN_64_TO_32_BIT_CONVERSION = YES;
				GCC_WARN_ABOUT_RETURN_TYPE = YES_ERROR;
				GCC_WARN_UNDECLARED_SELECTOR = YES;
				GCC_WARN_UNINITIALIZED_AUTOS = YES_AGGRESSIVE;
				GCC_WARN_UNUSED_FUNCTION = YES;
				GCC_WARN_UNUSED_VARIABLE = YES;
				MACOSX_DEPLOYMENT_TARGET = 10.14;
				MTL_ENABLE_DEBUG_INFO = INCLUDE_SOURCE;
				MTL_FAST_MATH = YES;
				ONLY_ACTIVE_ARCH = YES;
				SDKROOT = macosx;
				SWIFT_ACTIVE_COMPILATION_CONDITIONS = DEBUG;
				SWIFT_OPTIMIZATION_LEVEL = "-Onone";
			};
			name = Debug;
		};
		C5576AF42253A8A600D58719 /* Release */ = {
			isa = XCBuildConfiguration;
			buildSettings = {
				ALWAYS_SEARCH_USER_PATHS = NO;
				CLANG_ANALYZER_NONNULL = YES;
				CLANG_ANALYZER_NUMBER_OBJECT_CONVERSION = YES_AGGRESSIVE;
				CLANG_CXX_LANGUAGE_STANDARD = "gnu++14";
				CLANG_CXX_LIBRARY = "libc++";
				CLANG_ENABLE_MODULES = YES;
				CLANG_ENABLE_OBJC_ARC = YES;
				CLANG_ENABLE_OBJC_WEAK = YES;
				CLANG_WARN_BLOCK_CAPTURE_AUTORELEASING = YES;
				CLANG_WARN_BOOL_CONVERSION = YES;
				CLANG_WARN_COMMA = YES;
				CLANG_WARN_CONSTANT_CONVERSION = YES;
				CLANG_WARN_DEPRECATED_OBJC_IMPLEMENTATIONS = YES;
				CLANG_WARN_DIRECT_OBJC_ISA_USAGE = YES_ERROR;
				CLANG_WARN_DOCUMENTATION_COMMENTS = YES;
				CLANG_WARN_EMPTY_BODY = YES;
				CLANG_WARN_ENUM_CONVERSION = YES;
				CLANG_WARN_INFINITE_RECURSION = YES;
				CLANG_WARN_INT_CONVERSION = YES;
				CLANG_WARN_NON_LITERAL_NULL_CONVERSION = YES;
				CLANG_WARN_OBJC_IMPLICIT_RETAIN_SELF = YES;
				CLANG_WARN_OBJC_LITERAL_CONVERSION = YES;
				CLANG_WARN_OBJC_ROOT_CLASS = YES_ERROR;
				CLANG_WARN_RANGE_LOOP_ANALYSIS = YES;
				CLANG_WARN_STRICT_PROTOTYPES = YES;
				CLANG_WARN_SUSPICIOUS_MOVE = YES;
				CLANG_WARN_UNGUARDED_AVAILABILITY = YES_AGGRESSIVE;
				CLANG_WARN_UNREACHABLE_CODE = YES;
				CLANG_WARN__DUPLICATE_METHOD_MATCH = YES;
				CODE_SIGN_IDENTITY = "Mac Developer";
				COPY_PHASE_STRIP = NO;
				DEBUG_INFORMATION_FORMAT = "dwarf-with-dsym";
				ENABLE_NS_ASSERTIONS = NO;
				ENABLE_STRICT_OBJC_MSGSEND = YES;
				GCC_C_LANGUAGE_STANDARD = gnu11;
				GCC_NO_COMMON_BLOCKS = YES;
				GCC_WARN_64_TO_32_BIT_CONVERSION = YES;
				GCC_WARN_ABOUT_RETURN_TYPE = YES_ERROR;
				GCC_WARN_UNDECLARED_SELECTOR = YES;
				GCC_WARN_UNINITIALIZED_AUTOS = YES_AGGRESSIVE;
				GCC_WARN_UNUSED_FUNCTION = YES;
				GCC_WARN_UNUSED_VARIABLE = YES;
				MACOSX_DEPLOYMENT_TARGET = 10.14;
				MTL_ENABLE_DEBUG_INFO = NO;
				MTL_FAST_MATH = YES;
				SDKROOT = macosx;
				SWIFT_COMPILATION_MODE = wholemodule;
				SWIFT_OPTIMIZATION_LEVEL = "-O";
			};
			name = Release;
		};
		C5576AF62253A8A600D58719 /* Debug */ = {
			isa = XCBuildConfiguration;
			buildSettings = {
				CODE_SIGN_STYLE = Automatic;
				DEVELOPMENT_TEAM = 3AS2PM2F4J;
				PRODUCT_NAME = "$(TARGET_NAME)";
				SWIFT_VERSION = 4.2;
			};
			name = Debug;
		};
		C5576AF72253A8A600D58719 /* Release */ = {
			isa = XCBuildConfiguration;
			buildSettings = {
				CODE_SIGN_STYLE = Automatic;
				DEVELOPMENT_TEAM = 3AS2PM2F4J;
				PRODUCT_NAME = "$(TARGET_NAME)";
				SWIFT_VERSION = 4.2;
			};
			name = Release;
		};
/* End XCBuildConfiguration section */

/* Begin XCConfigurationList section */
		C5025C162253C07E008A579F /* Build configuration list for PBXNativeTarget "Problem2Test" */ = {
			isa = XCConfigurationList;
			buildConfigurations = (
				C5025C172253C07E008A579F /* Debug */,
				C5025C182253C07E008A579F /* Release */,
			);
			defaultConfigurationIsVisible = 0;
			defaultConfigurationName = Release;
		};
		C5025C272253CCAD008A579F /* Build configuration list for PBXNativeTarget "Problem3Test" */ = {
			isa = XCConfigurationList;
			buildConfigurations = (
				C5025C282253CCAD008A579F /* Debug */,
				C5025C292253CCAD008A579F /* Release */,
			);
			defaultConfigurationIsVisible = 0;
			defaultConfigurationName = Release;
		};
		C5025C3D225405A0008A579F /* Build configuration list for PBXNativeTarget "Problem4Test" */ = {
			isa = XCConfigurationList;
			buildConfigurations = (
				C5025C3E225405A0008A579F /* Debug */,
				C5025C3F225405A0008A579F /* Release */,
			);
			defaultConfigurationIsVisible = 0;
			defaultConfigurationName = Release;
		};
		C53E920A22593345004D4040 /* Build configuration list for PBXNativeTarget "Problem7Test" */ = {
			isa = XCConfigurationList;
			buildConfigurations = (
				C53E920B22593345004D4040 /* Debug */,
				C53E920C22593345004D4040 /* Release */,
			);
			defaultConfigurationIsVisible = 0;
			defaultConfigurationName = Release;
		};
		C5576AE92253A8A600D58719 /* Build configuration list for PBXProject "DailyCodingProblem" */ = {
			isa = XCConfigurationList;
			buildConfigurations = (
				C5576AF32253A8A600D58719 /* Debug */,
				C5576AF42253A8A600D58719 /* Release */,
			);
			defaultConfigurationIsVisible = 0;
			defaultConfigurationName = Release;
		};
		C5576AF52253A8A600D58719 /* Build configuration list for PBXNativeTarget "DailyCodingProblem" */ = {
			isa = XCConfigurationList;
			buildConfigurations = (
				C5576AF62253A8A600D58719 /* Debug */,
				C5576AF72253A8A600D58719 /* Release */,
			);
			defaultConfigurationIsVisible = 0;
			defaultConfigurationName = Release;
		};
/* End XCConfigurationList section */
	};
	rootObject = C5576AE62253A8A600D58719 /* Project object */;
}
